
Microsoft Visual Studio Solution File, Format Version 12.00
# Visual Studio Version 16
VisualStudioVersion = 16.0.29503.13
MinimumVisualStudioVersion = 10.0.40219.1
Project("{FAE04EC0-301F-11D3-BF4B-00C04F79EFBC}") = "NetC.JuniorDeveloperExam.Web", "NetC.JuniorDeveloperExam.Web\NetC.JuniorDeveloperExam.Web.csproj", "{CCCC64B9-27C7-4CC1-B5B1-19201377D3EF}"
EndProject
Project("{9A19103F-16F7-4668-BE54-9A1E7A4F7556}") = "NetC.Domain", "NetC.Domain\NetC.Domain.csproj", "{9C3B0D3B-FADF-438A-80AA-BA64441CB11B}"
EndProject
Project("{9A19103F-16F7-4668-BE54-9A1E7A4F7556}") = "NetC.Application", "NetC.Application\NetC.Application.csproj", "{6D893E07-56BC-4A86-AE77-4A3F76F28F47}"
EndProject
Project("{9A19103F-16F7-4668-BE54-9A1E7A4F7556}") = "NetC.Infrastructure", "NetC.Infrastructure\NetC.Infrastructure.csproj", "{1741F693-13ED-4001-8D50-E740C415BA1B}"
EndProject
Project("{FAE04EC0-301F-11D3-BF4B-00C04F79EFBC}") = "NetC.Domain.Tests", "NetC.Domain.Tests\NetC.Domain.Tests.csproj", "{A4A923FD-DFA7-4906-A375-ABC4B40A99D8}"
EndProject
Global
	GlobalSection(SolutionConfigurationPlatforms) = preSolution
		Debug|Any CPU = Debug|Any CPU
		Release|Any CPU = Release|Any CPU
	EndGlobalSection
	GlobalSection(ProjectConfigurationPlatforms) = postSolution
		{CCCC64B9-27C7-4CC1-B5B1-19201377D3EF}.Debug|Any CPU.ActiveCfg = Debug|Any CPU
		{CCCC64B9-27C7-4CC1-B5B1-19201377D3EF}.Debug|Any CPU.Build.0 = Debug|Any CPU
		{CCCC64B9-27C7-4CC1-B5B1-19201377D3EF}.Release|Any CPU.ActiveCfg = Release|Any CPU
		{CCCC64B9-27C7-4CC1-B5B1-19201377D3EF}.Release|Any CPU.Build.0 = Release|Any CPU
		{9C3B0D3B-FADF-438A-80AA-BA64441CB11B}.Debug|Any CPU.ActiveCfg = Debug|Any CPU
		{9C3B0D3B-FADF-438A-80AA-BA64441CB11B}.Debug|Any CPU.Build.0 = Debug|Any CPU
		{9C3B0D3B-FADF-438A-80AA-BA64441CB11B}.Release|Any CPU.ActiveCfg = Release|Any CPU
		{9C3B0D3B-FADF-438A-80AA-BA64441CB11B}.Release|Any CPU.Build.0 = Release|Any CPU
		{6D893E07-56BC-4A86-AE77-4A3F76F28F47}.Debug|Any CPU.ActiveCfg = Debug|Any CPU
		{6D893E07-56BC-4A86-AE77-4A3F76F28F47}.Debug|Any CPU.Build.0 = Debug|Any CPU
		{6D893E07-56BC-4A86-AE77-4A3F76F28F47}.Release|Any CPU.ActiveCfg = Release|Any CPU
		{6D893E07-56BC-4A86-AE77-4A3F76F28F47}.Release|Any CPU.Build.0 = Release|Any CPU
		{1741F693-13ED-4001-8D50-E740C415BA1B}.Debug|Any CPU.ActiveCfg = Debug|Any CPU
		{1741F693-13ED-4001-8D50-E740C415BA1B}.Debug|Any CPU.Build.0 = Debug|Any CPU
		{1741F693-13ED-4001-8D50-E740C415BA1B}.Release|Any CPU.ActiveCfg = Release|Any CPU
		{1741F693-13ED-4001-8D50-E740C415BA1B}.Release|Any CPU.Build.0 = Release|Any CPU
		{A4A923FD-DFA7-4906-A375-ABC4B40A99D8}.Debug|Any CPU.ActiveCfg = Debug|Any CPU
		{A4A923FD-DFA7-4906-A375-ABC4B40A99D8}.Debug|Any CPU.Build.0 = Debug|Any CPU
		{A4A923FD-DFA7-4906-A375-ABC4B40A99D8}.Release|Any CPU.ActiveCfg = Release|Any CPU
		{A4A923FD-DFA7-4906-A375-ABC4B40A99D8}.Release|Any CPU.Build.0 = Release|Any CPU
	EndGlobalSection
	GlobalSection(SolutionProperties) = preSolution
		HideSolutionNode = FALSE
	EndGlobalSection
	GlobalSection(ExtensibilityGlobals) = postSolution
		SolutionGuid = {446FCDA0-BAA9-4DA6-AB84-F0F3B055010F}
	EndGlobalSection
EndGlobal
